// !$*UTF8*$!
{
	archiveVersion = 1;
	classes = {
	};
	objectVersion = 56;
	objects = {

/* Begin PBXBuildFile section */
		56D357652CE78DAE00BB2149 /* AppDelegate.swift in Sources */ = {isa = PBXBuildFile; fileRef = 56D357642CE78DAE00BB2149 /* AppDelegate.swift */; };
		56D357672CE78DAE00BB2149 /* SceneDelegate.swift in Sources */ = {isa = PBXBuildFile; fileRef = 56D357662CE78DAE00BB2149 /* SceneDelegate.swift */; };
		56D357692CE78DAE00BB2149 /* HomeViewController.swift in Sources */ = {isa = PBXBuildFile; fileRef = 56D357682CE78DAE00BB2149 /* HomeViewController.swift */; };
		56D3576E2CE78DAF00BB2149 /* Assets.xcassets in Resources */ = {isa = PBXBuildFile; fileRef = 56D3576D2CE78DAF00BB2149 /* Assets.xcassets */; };
		56D357712CE78DAF00BB2149 /* Base in Resources */ = {isa = PBXBuildFile; fileRef = 56D357702CE78DAF00BB2149 /* Base */; };
		56D3577C2CE78DAF00BB2149 /* BlutifyTests.swift in Sources */ = {isa = PBXBuildFile; fileRef = 56D3577B2CE78DAF00BB2149 /* BlutifyTests.swift */; };
		56D357862CE78DAF00BB2149 /* BlutifyUITests.swift in Sources */ = {isa = PBXBuildFile; fileRef = 56D357852CE78DAF00BB2149 /* BlutifyUITests.swift */; };
		56D357882CE78DAF00BB2149 /* BlutifyUITestsLaunchTests.swift in Sources */ = {isa = PBXBuildFile; fileRef = 56D357872CE78DAF00BB2149 /* BlutifyUITestsLaunchTests.swift */; };
/* End PBXBuildFile section */

/* Begin PBXContainerItemProxy section */
		56D357782CE78DAF00BB2149 /* PBXContainerItemProxy */ = {
			isa = PBXContainerItemProxy;
			containerPortal = 56D357592CE78DAE00BB2149 /* Project object */;
			proxyType = 1;
			remoteGlobalIDString = 56D357602CE78DAE00BB2149;
			remoteInfo = Blutify;
		};
		56D357822CE78DAF00BB2149 /* PBXContainerItemProxy */ = {
			isa = PBXContainerItemProxy;
			containerPortal = 56D357592CE78DAE00BB2149 /* Project object */;
			proxyType = 1;
			remoteGlobalIDString = 56D357602CE78DAE00BB2149;
			remoteInfo = Blutify;
		};
/* End PBXContainerItemProxy section */

/* Begin PBXFileReference section */
		56D357612CE78DAE00BB2149 /* Blutify.app */ = {isa = PBXFileReference; explicitFileType = wrapper.application; includeInIndex = 0; path = Blutify.app; sourceTree = BUILT_PRODUCTS_DIR; };
		56D357642CE78DAE00BB2149 /* AppDelegate.swift */ = {isa = PBXFileReference; lastKnownFileType = sourcecode.swift; path = AppDelegate.swift; sourceTree = "<group>"; };
		56D357662CE78DAE00BB2149 /* SceneDelegate.swift */ = {isa = PBXFileReference; lastKnownFileType = sourcecode.swift; path = SceneDelegate.swift; sourceTree = "<group>"; };
		56D357682CE78DAE00BB2149 /* HomeViewController.swift */ = {isa = PBXFileReference; lastKnownFileType = sourcecode.swift; path = HomeViewController.swift; sourceTree = "<group>"; };
		56D3576D2CE78DAF00BB2149 /* Assets.xcassets */ = {isa = PBXFileReference; lastKnownFileType = folder.assetcatalog; path = Assets.xcassets; sourceTree = "<group>"; };
		56D357702CE78DAF00BB2149 /* Base */ = {isa = PBXFileReference; lastKnownFileType = file.storyboard; name = Base; path = Base.lproj/LaunchScreen.storyboard; sourceTree = "<group>"; };
		56D357722CE78DAF00BB2149 /* Info.plist */ = {isa = PBXFileReference; lastKnownFileType = text.plist.xml; path = Info.plist; sourceTree = "<group>"; };
		56D357772CE78DAF00BB2149 /* BlutifyTests.xctest */ = {isa = PBXFileReference; explicitFileType = wrapper.cfbundle; includeInIndex = 0; path = BlutifyTests.xctest; sourceTree = BUILT_PRODUCTS_DIR; };
		56D3577B2CE78DAF00BB2149 /* BlutifyTests.swift */ = {isa = PBXFileReference; lastKnownFileType = sourcecode.swift; path = BlutifyTests.swift; sourceTree = "<group>"; };
		56D357812CE78DAF00BB2149 /* BlutifyUITests.xctest */ = {isa = PBXFileReference; explicitFileType = wrapper.cfbundle; includeInIndex = 0; path = BlutifyUITests.xctest; sourceTree = BUILT_PRODUCTS_DIR; };
		56D357852CE78DAF00BB2149 /* BlutifyUITests.swift */ = {isa = PBXFileReference; lastKnownFileType = sourcecode.swift; path = BlutifyUITests.swift; sourceTree = "<group>"; };
		56D357872CE78DAF00BB2149 /* BlutifyUITestsLaunchTests.swift */ = {isa = PBXFileReference; lastKnownFileType = sourcecode.swift; path = BlutifyUITestsLaunchTests.swift; sourceTree = "<group>"; };
/* End PBXFileReference section */

/* Begin PBXFrameworksBuildPhase section */
		56D3575E2CE78DAE00BB2149 /* Frameworks */ = {
			isa = PBXFrameworksBuildPhase;
			buildActionMask = 2147483647;
			files = (
			);
			runOnlyForDeploymentPostprocessing = 0;
		};
		56D357742CE78DAF00BB2149 /* Frameworks */ = {
			isa = PBXFrameworksBuildPhase;
			buildActionMask = 2147483647;
			files = (
			);
			runOnlyForDeploymentPostprocessing = 0;
		};
		56D3577E2CE78DAF00BB2149 /* Frameworks */ = {
			isa = PBXFrameworksBuildPhase;
			buildActionMask = 2147483647;
			files = (
			);
			runOnlyForDeploymentPostprocessing = 0;
		};
/* End PBXFrameworksBuildPhase section */

/* Begin PBXGroup section */
		56D357582CE78DAE00BB2149 = {
			isa = PBXGroup;
			children = (
				56D357632CE78DAE00BB2149 /* Blutify */,
				56D3577A2CE78DAF00BB2149 /* BlutifyTests */,
				56D357842CE78DAF00BB2149 /* BlutifyUITests */,
				56D357622CE78DAE00BB2149 /* Products */,
			);
			sourceTree = "<group>";
		};
		56D357622CE78DAE00BB2149 /* Products */ = {
			isa = PBXGroup;
			children = (
				56D357612CE78DAE00BB2149 /* Blutify.app */,
				56D357772CE78DAF00BB2149 /* BlutifyTests.xctest */,
				56D357812CE78DAF00BB2149 /* BlutifyUITests.xctest */,
			);
			name = Products;
			sourceTree = "<group>";
		};
		56D357632CE78DAE00BB2149 /* Blutify */ = {
			isa = PBXGroup;
			children = (
				56D357722CE78DAF00BB2149 /* Info.plist */,
				56D3576D2CE78DAF00BB2149 /* Assets.xcassets */,
				56D3576F2CE78DAF00BB2149 /* LaunchScreen.storyboard */,
				56D357942CE78DF700BB2149 /* App */,
				56D357952CE78E0700BB2149 /* ViewControllers */,
			);
			path = Blutify;
			sourceTree = "<group>";
		};
		56D3577A2CE78DAF00BB2149 /* BlutifyTests */ = {
			isa = PBXGroup;
			children = (
				56D3577B2CE78DAF00BB2149 /* BlutifyTests.swift */,
			);
			path = BlutifyTests;
			sourceTree = "<group>";
		};
		56D357842CE78DAF00BB2149 /* BlutifyUITests */ = {
			isa = PBXGroup;
			children = (
				56D357852CE78DAF00BB2149 /* BlutifyUITests.swift */,
				56D357872CE78DAF00BB2149 /* BlutifyUITestsLaunchTests.swift */,
			);
			path = BlutifyUITests;
			sourceTree = "<group>";
		};
		56D357942CE78DF700BB2149 /* App */ = {
			isa = PBXGroup;
			children = (
				56D357642CE78DAE00BB2149 /* AppDelegate.swift */,
				56D357662CE78DAE00BB2149 /* SceneDelegate.swift */,
			);
			path = App;
			sourceTree = "<group>";
		};
		56D357952CE78E0700BB2149 /* ViewControllers */ = {
			isa = PBXGroup;
			children = (
				56D357682CE78DAE00BB2149 /* HomeViewController.swift */,
			);
			path = ViewControllers;
			sourceTree = "<group>";
		};
/* End PBXGroup section */

/* Begin PBXNativeTarget section */
		56D357602CE78DAE00BB2149 /* Blutify */ = {
			isa = PBXNativeTarget;
			buildConfigurationList = 56D3578B2CE78DAF00BB2149 /* Build configuration list for PBXNativeTarget "Blutify" */;
			buildPhases = (
				56D3575D2CE78DAE00BB2149 /* Sources */,
				56D3575E2CE78DAE00BB2149 /* Frameworks */,
				56D3575F2CE78DAE00BB2149 /* Resources */,
			);
			buildRules = (
			);
			dependencies = (
			);
			name = Blutify;
			productName = Blutify;
			productReference = 56D357612CE78DAE00BB2149 /* Blutify.app */;
			productType = "com.apple.product-type.application";
		};
		56D357762CE78DAF00BB2149 /* BlutifyTests */ = {
			isa = PBXNativeTarget;
			buildConfigurationList = 56D3578E2CE78DAF00BB2149 /* Build configuration list for PBXNativeTarget "BlutifyTests" */;
			buildPhases = (
				56D357732CE78DAF00BB2149 /* Sources */,
				56D357742CE78DAF00BB2149 /* Frameworks */,
				56D357752CE78DAF00BB2149 /* Resources */,
			);
			buildRules = (
			);
			dependencies = (
				56D357792CE78DAF00BB2149 /* PBXTargetDependency */,
			);
			name = BlutifyTests;
			productName = BlutifyTests;
			productReference = 56D357772CE78DAF00BB2149 /* BlutifyTests.xctest */;
			productType = "com.apple.product-type.bundle.unit-test";
		};
		56D357802CE78DAF00BB2149 /* BlutifyUITests */ = {
			isa = PBXNativeTarget;
			buildConfigurationList = 56D357912CE78DAF00BB2149 /* Build configuration list for PBXNativeTarget "BlutifyUITests" */;
			buildPhases = (
				56D3577D2CE78DAF00BB2149 /* Sources */,
				56D3577E2CE78DAF00BB2149 /* Frameworks */,
				56D3577F2CE78DAF00BB2149 /* Resources */,
			);
			buildRules = (
			);
			dependencies = (
				56D357832CE78DAF00BB2149 /* PBXTargetDependency */,
			);
			name = BlutifyUITests;
			productName = BlutifyUITests;
			productReference = 56D357812CE78DAF00BB2149 /* BlutifyUITests.xctest */;
			productType = "com.apple.product-type.bundle.ui-testing";
		};
/* End PBXNativeTarget section */

/* Begin PBXProject section */
		56D357592CE78DAE00BB2149 /* Project object */ = {
			isa = PBXProject;
			attributes = {
				BuildIndependentTargetsInParallel = 1;
				LastSwiftUpdateCheck = 1540;
				LastUpgradeCheck = 1540;
				TargetAttributes = {
					56D357602CE78DAE00BB2149 = {
						CreatedOnToolsVersion = 15.4;
					};
					56D357762CE78DAF00BB2149 = {
						CreatedOnToolsVersion = 15.4;
						TestTargetID = 56D357602CE78DAE00BB2149;
					};
					56D357802CE78DAF00BB2149 = {
						CreatedOnToolsVersion = 15.4;
						TestTargetID = 56D357602CE78DAE00BB2149;
					};
				};
			};
			buildConfigurationList = 56D3575C2CE78DAE00BB2149 /* Build configuration list for PBXProject "Blutify" */;
			compatibilityVersion = "Xcode 14.0";
			developmentRegion = en;
			hasScannedForEncodings = 0;
			knownRegions = (
				en,
				Base,
			);
			mainGroup = 56D357582CE78DAE00BB2149;
			productRefGroup = 56D357622CE78DAE00BB2149 /* Products */;
			projectDirPath = "";
			projectRoot = "";
			targets = (
				56D357602CE78DAE00BB2149 /* Blutify */,
				56D357762CE78DAF00BB2149 /* BlutifyTests */,
				56D357802CE78DAF00BB2149 /* BlutifyUITests */,
			);
		};
/* End PBXProject section */

/* Begin PBXResourcesBuildPhase section */
		56D3575F2CE78DAE00BB2149 /* Resources */ = {
			isa = PBXResourcesBuildPhase;
			buildActionMask = 2147483647;
			files = (
				56D3576E2CE78DAF00BB2149 /* Assets.xcassets in Resources */,
				56D357712CE78DAF00BB2149 /* Base in Resources */,
			);
			runOnlyForDeploymentPostprocessing = 0;
		};
		56D357752CE78DAF00BB2149 /* Resources */ = {
			isa = PBXResourcesBuildPhase;
			buildActionMask = 2147483647;
			files = (
			);
			runOnlyForDeploymentPostprocessing = 0;
		};
		56D3577F2CE78DAF00BB2149 /* Resources */ = {
			isa = PBXResourcesBuildPhase;
			buildActionMask = 2147483647;
			files = (
			);
			runOnlyForDeploymentPostprocessing = 0;
		};
/* End PBXResourcesBuildPhase section */

/* Begin PBXSourcesBuildPhase section */
		56D3575D2CE78DAE00BB2149 /* Sources */ = {
			isa = PBXSourcesBuildPhase;
			buildActionMask = 2147483647;
			files = (
				56D357692CE78DAE00BB2149 /* HomeViewController.swift in Sources */,
				56D357652CE78DAE00BB2149 /* AppDelegate.swift in Sources */,
				56D357672CE78DAE00BB2149 /* SceneDelegate.swift in Sources */,
			);
			runOnlyForDeploymentPostprocessing = 0;
		};
		56D357732CE78DAF00BB2149 /* Sources */ = {
			isa = PBXSourcesBuildPhase;
			buildActionMask = 2147483647;
			files = (
				56D3577C2CE78DAF00BB2149 /* BlutifyTests.swift in Sources */,
			);
			runOnlyForDeploymentPostprocessing = 0;
		};
		56D3577D2CE78DAF00BB2149 /* Sources */ = {
			isa = PBXSourcesBuildPhase;
			buildActionMask = 2147483647;
			files = (
				56D357882CE78DAF00BB2149 /* BlutifyUITestsLaunchTests.swift in Sources */,
				56D357862CE78DAF00BB2149 /* BlutifyUITests.swift in Sources */,
			);
			runOnlyForDeploymentPostprocessing = 0;
		};
/* End PBXSourcesBuildPhase section */

/* Begin PBXTargetDependency section */
		56D357792CE78DAF00BB2149 /* PBXTargetDependency */ = {
			isa = PBXTargetDependency;
			target = 56D357602CE78DAE00BB2149 /* Blutify */;
			targetProxy = 56D357782CE78DAF00BB2149 /* PBXContainerItemProxy */;
		};
		56D357832CE78DAF00BB2149 /* PBXTargetDependency */ = {
			isa = PBXTargetDependency;
			target = 56D357602CE78DAE00BB2149 /* Blutify */;
			targetProxy = 56D357822CE78DAF00BB2149 /* PBXContainerItemProxy */;
		};
/* End PBXTargetDependency section */

/* Begin PBXVariantGroup section */
		56D3576F2CE78DAF00BB2149 /* LaunchScreen.storyboard */ = {
			isa = PBXVariantGroup;
			children = (
				56D357702CE78DAF00BB2149 /* Base */,
			);
			name = LaunchScreen.storyboard;
			sourceTree = "<group>";
		};
/* End PBXVariantGroup section */

/* Begin XCBuildConfiguration section */
		56D357892CE78DAF00BB2149 /* Debug */ = {
			isa = XCBuildConfiguration;
			buildSettings = {
				ALWAYS_SEARCH_USER_PATHS = NO;
				ASSETCATALOG_COMPILER_GENERATE_SWIFT_ASSET_SYMBOL_EXTENSIONS = YES;
				CLANG_ANALYZER_NONNULL = YES;
				CLANG_ANALYZER_NUMBER_OBJECT_CONVERSION = YES_AGGRESSIVE;
				CLANG_CXX_LANGUAGE_STANDARD = "gnu++20";
				CLANG_ENABLE_MODULES = YES;
				CLANG_ENABLE_OBJC_ARC = YES;
				CLANG_ENABLE_OBJC_WEAK = YES;
				CLANG_WARN_BLOCK_CAPTURE_AUTORELEASING = YES;
				CLANG_WARN_BOOL_CONVERSION = YES;
				CLANG_WARN_COMMA = YES;
				CLANG_WARN_CONSTANT_CONVERSION = YES;
				CLANG_WARN_DEPRECATED_OBJC_IMPLEMENTATIONS = YES;
				CLANG_WARN_DIRECT_OBJC_ISA_USAGE = YES_ERROR;
				CLANG_WARN_DOCUMENTATION_COMMENTS = YES;
				CLANG_WARN_EMPTY_BODY = YES;
				CLANG_WARN_ENUM_CONVERSION = YES;
				CLANG_WARN_INFINITE_RECURSION = YES;
				CLANG_WARN_INT_CONVERSION = YES;
				CLANG_WARN_NON_LITERAL_NULL_CONVERSION = YES;
				CLANG_WARN_OBJC_IMPLICIT_RETAIN_SELF = YES;
				CLANG_WARN_OBJC_LITERAL_CONVERSION = YES;
				CLANG_WARN_OBJC_ROOT_CLASS = YES_ERROR;
				CLANG_WARN_QUOTED_INCLUDE_IN_FRAMEWORK_HEADER = YES;
				CLANG_WARN_RANGE_LOOP_ANALYSIS = YES;
				CLANG_WARN_STRICT_PROTOTYPES = YES;
				CLANG_WARN_SUSPICIOUS_MOVE = YES;
				CLANG_WARN_UNGUARDED_AVAILABILITY = YES_AGGRESSIVE;
				CLANG_WARN_UNREACHABLE_CODE = YES;
				CLANG_WARN__DUPLICATE_METHOD_MATCH = YES;
				COPY_PHASE_STRIP = NO;
				DEBUG_INFORMATION_FORMAT = dwarf;
				ENABLE_STRICT_OBJC_MSGSEND = YES;
				ENABLE_TESTABILITY = YES;
				ENABLE_USER_SCRIPT_SANDBOXING = YES;
				GCC_C_LANGUAGE_STANDARD = gnu17;
				GCC_DYNAMIC_NO_PIC = NO;
				GCC_NO_COMMON_BLOCKS = YES;
				GCC_OPTIMIZATION_LEVEL = 0;
				GCC_PREPROCESSOR_DEFINITIONS = (
					"DEBUG=1",
					"$(inherited)",
				);
				GCC_WARN_64_TO_32_BIT_CONVERSION = YES;
				GCC_WARN_ABOUT_RETURN_TYPE = YES_ERROR;
				GCC_WARN_UNDECLARED_SELECTOR = YES;
				GCC_WARN_UNINITIALIZED_AUTOS = YES_AGGRESSIVE;
				GCC_WARN_UNUSED_FUNCTION = YES;
				GCC_WARN_UNUSED_VARIABLE = YES;
				IPHONEOS_DEPLOYMENT_TARGET = 17.5;
				LOCALIZATION_PREFERS_STRING_CATALOGS = YES;
				MTL_ENABLE_DEBUG_INFO = INCLUDE_SOURCE;
				MTL_FAST_MATH = YES;
				ONLY_ACTIVE_ARCH = YES;
				SDKROOT = iphoneos;
				SWIFT_ACTIVE_COMPILATION_CONDITIONS = "DEBUG $(inherited)";
				SWIFT_OPTIMIZATION_LEVEL = "-Onone";
			};
			name = Debug;
		};
		56D3578A2CE78DAF00BB2149 /* Release */ = {
			isa = XCBuildConfiguration;
			buildSettings = {
				ALWAYS_SEARCH_USER_PATHS = NO;
				ASSETCATALOG_COMPILER_GENERATE_SWIFT_ASSET_SYMBOL_EXTENSIONS = YES;
				CLANG_ANALYZER_NONNULL = YES;
				CLANG_ANALYZER_NUMBER_OBJECT_CONVERSION = YES_AGGRESSIVE;
				CLANG_CXX_LANGUAGE_STANDARD = "gnu++20";
				CLANG_ENABLE_MODULES = YES;
				CLANG_ENABLE_OBJC_ARC = YES;
				CLANG_ENABLE_OBJC_WEAK = YES;
				CLANG_WARN_BLOCK_CAPTURE_AUTORELEASING = YES;
				CLANG_WARN_BOOL_CONVERSION = YES;
				CLANG_WARN_COMMA = YES;
				CLANG_WARN_CONSTANT_CONVERSION = YES;
				CLANG_WARN_DEPRECATED_OBJC_IMPLEMENTATIONS = YES;
				CLANG_WARN_DIRECT_OBJC_ISA_USAGE = YES_ERROR;
				CLANG_WARN_DOCUMENTATION_COMMENTS = YES;
				CLANG_WARN_EMPTY_BODY = YES;
				CLANG_WARN_ENUM_CONVERSION = YES;
				CLANG_WARN_INFINITE_RECURSION = YES;
				CLANG_WARN_INT_CONVERSION = YES;
				CLANG_WARN_NON_LITERAL_NULL_CONVERSION = YES;
				CLANG_WARN_OBJC_IMPLICIT_RETAIN_SELF = YES;
				CLANG_WARN_OBJC_LITERAL_CONVERSION = YES;
				CLANG_WARN_OBJC_ROOT_CLASS = YES_ERROR;
				CLANG_WARN_QUOTED_INCLUDE_IN_FRAMEWORK_HEADER = YES;
				CLANG_WARN_RANGE_LOOP_ANALYSIS = YES;
				CLANG_WARN_STRICT_PROTOTYPES = YES;
				CLANG_WARN_SUSPICIOUS_MOVE = YES;
				CLANG_WARN_UNGUARDED_AVAILABILITY = YES_AGGRESSIVE;
				CLANG_WARN_UNREACHABLE_CODE = YES;
				CLANG_WARN__DUPLICATE_METHOD_MATCH = YES;
				COPY_PHASE_STRIP = NO;
				DEBUG_INFORMATION_FORMAT = "dwarf-with-dsym";
				ENABLE_NS_ASSERTIONS = NO;
				ENABLE_STRICT_OBJC_MSGSEND = YES;
				ENABLE_USER_SCRIPT_SANDBOXING = YES;
				GCC_C_LANGUAGE_STANDARD = gnu17;
				GCC_NO_COMMON_BLOCKS = YES;
				GCC_WARN_64_TO_32_BIT_CONVERSION = YES;
				GCC_WARN_ABOUT_RETURN_TYPE = YES_ERROR;
				GCC_WARN_UNDECLARED_SELECTOR = YES;
				GCC_WARN_UNINITIALIZED_AUTOS = YES_AGGRESSIVE;
				GCC_WARN_UNUSED_FUNCTION = YES;
				GCC_WARN_UNUSED_VARIABLE = YES;
				IPHONEOS_DEPLOYMENT_TARGET = 17.5;
				LOCALIZATION_PREFERS_STRING_CATALOGS = YES;
				MTL_ENABLE_DEBUG_INFO = NO;
				MTL_FAST_MATH = YES;
				SDKROOT = iphoneos;
				SWIFT_COMPILATION_MODE = wholemodule;
				VALIDATE_PRODUCT = YES;
			};
			name = Release;
		};
		56D3578C2CE78DAF00BB2149 /* Debug */ = {
			isa = XCBuildConfiguration;
			buildSettings = {
				ASSETCATALOG_COMPILER_APPICON_NAME = AppIcon;
				ASSETCATALOG_COMPILER_GLOBAL_ACCENT_COLOR_NAME = AccentColor;
				CODE_SIGN_STYLE = Automatic;
				CURRENT_PROJECT_VERSION = 1;
				DEVELOPMENT_TEAM = KFD27J2TGQ;
				GENERATE_INFOPLIST_FILE = YES;
				INFOPLIST_FILE = Blutify/Info.plist;
				INFOPLIST_KEY_CFBundleDisplayName = Blutify;
				INFOPLIST_KEY_UIApplicationSupportsIndirectInputEvents = YES;
				INFOPLIST_KEY_UILaunchStoryboardName = LaunchScreen;
				INFOPLIST_KEY_UIMainStoryboardFile = Main;
				INFOPLIST_KEY_UISupportedInterfaceOrientations = "UIInterfaceOrientationLandscapeLeft UIInterfaceOrientationLandscapeRight UIInterfaceOrientationPortrait UIInterfaceOrientationPortraitUpsideDown";
				IPHONEOS_DEPLOYMENT_TARGET = 15.0;
				LD_RUNPATH_SEARCH_PATHS = (
					"$(inherited)",
					"@executable_path/Frameworks",
				);
				MARKETING_VERSION = 1.0;
				PRODUCT_BUNDLE_IDENTIFIER = com.rickysilitonga112.Blutify;
				PRODUCT_NAME = "$(TARGET_NAME)";
				SWIFT_EMIT_LOC_STRINGS = YES;
				SWIFT_VERSION = 5.0;
				TARGETED_DEVICE_FAMILY = "1,2";
			};
			name = Debug;
		};
		56D3578D2CE78DAF00BB2149 /* Release */ = {
			isa = XCBuildConfiguration;
			buildSettings = {
				ASSETCATALOG_COMPILER_APPICON_NAME = AppIcon;
				ASSETCATALOG_COMPILER_GLOBAL_ACCENT_COLOR_NAME = AccentColor;
				CODE_SIGN_STYLE = Automatic;
				CURRENT_PROJECT_VERSION = 1;
				DEVELOPMENT_TEAM = KFD27J2TGQ;
				GENERATE_INFOPLIST_FILE = YES;
				INFOPLIST_FILE = Blutify/Info.plist;
				INFOPLIST_KEY_CFBundleDisplayName = Blutify;
				INFOPLIST_KEY_UIApplicationSupportsIndirectInputEvents = YES;
				INFOPLIST_KEY_UILaunchStoryboardName = LaunchScreen;
				INFOPLIST_KEY_UIMainStoryboardFile = Main;
				INFOPLIST_KEY_UISupportedInterfaceOrientations = "UIInterfaceOrientationLandscapeLeft UIInterfaceOrientationLandscapeRight UIInterfaceOrientationPortrait UIInterfaceOrientationPortraitUpsideDown";
				IPHONEOS_DEPLOYMENT_TARGET = 15.0;
				LD_RUNPATH_SEARCH_PATHS = (
					"$(inherited)",
					"@executable_path/Frameworks",
				);
				MARKETING_VERSION = 1.0;
				PRODUCT_BUNDLE_IDENTIFIER = com.rickysilitonga112.Blutify;
				PRODUCT_NAME = "$(TARGET_NAME)";
				SWIFT_EMIT_LOC_STRINGS = YES;
				SWIFT_VERSION = 5.0;
				TARGETED_DEVICE_FAMILY = "1,2";
			};
			name = Release;
		};
		56D3578F2CE78DAF00BB2149 /* Debug */ = {
			isa = XCBuildConfiguration;
			buildSettings = {
				ALWAYS_EMBED_SWIFT_STANDARD_LIBRARIES = YES;
				BUNDLE_LOADER = "$(TEST_HOST)";
				CODE_SIGN_STYLE = Automatic;
				CURRENT_PROJECT_VERSION = 1;
				DEVELOPMENT_TEAM = KFD27J2TGQ;
				GENERATE_INFOPLIST_FILE = YES;
				IPHONEOS_DEPLOYMENT_TARGET = 17.5;
				MARKETING_VERSION = 1.0;
				PRODUCT_BUNDLE_IDENTIFIER = com.rickysilitonga112.BlutifyTests;
				PRODUCT_NAME = "$(TARGET_NAME)";
				SWIFT_EMIT_LOC_STRINGS = NO;
				SWIFT_VERSION = 5.0;
				TARGETED_DEVICE_FAMILY = "1,2";
				TEST_HOST = "$(BUILT_PRODUCTS_DIR)/Blutify.app/$(BUNDLE_EXECUTABLE_FOLDER_PATH)/Blutify";
			};
			name = Debug;
		};
		56D357902CE78DAF00BB2149 /* Release */ = {
			isa = XCBuildConfiguration;
			buildSettings = {
				ALWAYS_EMBED_SWIFT_STANDARD_LIBRARIES = YES;
				BUNDLE_LOADER = "$(TEST_HOST)";
				CODE_SIGN_STYLE = Automatic;
				CURRENT_PROJECT_VERSION = 1;
				DEVELOPMENT_TEAM = KFD27J2TGQ;
				GENERATE_INFOPLIST_FILE = YES;
				IPHONEOS_DEPLOYMENT_TARGET = 17.5;
				MARKETING_VERSION = 1.0;
				PRODUCT_BUNDLE_IDENTIFIER = com.rickysilitonga112.BlutifyTests;
				PRODUCT_NAME = "$(TARGET_NAME)";
				SWIFT_EMIT_LOC_STRINGS = NO;
				SWIFT_VERSION = 5.0;
				TARGETED_DEVICE_FAMILY = "1,2";
				TEST_HOST = "$(BUILT_PRODUCTS_DIR)/Blutify.app/$(BUNDLE_EXECUTABLE_FOLDER_PATH)/Blutify";
			};
			name = Release;
		};
		56D357922CE78DAF00BB2149 /* Debug */ = {
			isa = XCBuildConfiguration;
			buildSettings = {
				ALWAYS_EMBED_SWIFT_STANDARD_LIBRARIES = YES;
				CODE_SIGN_STYLE = Automatic;
				CURRENT_PROJECT_VERSION = 1;
				DEVELOPMENT_TEAM = KFD27J2TGQ;
				GENERATE_INFOPLIST_FILE = YES;
				MARKETING_VERSION = 1.0;
				PRODUCT_BUNDLE_IDENTIFIER = com.rickysilitonga112.BlutifyUITests;
				PRODUCT_NAME = "$(TARGET_NAME)";
				SWIFT_EMIT_LOC_STRINGS = NO;
				SWIFT_VERSION = 5.0;
				TARGETED_DEVICE_FAMILY = "1,2";
				TEST_TARGET_NAME = Blutify;
			};
			name = Debug;
		};
		56D357932CE78DAF00BB2149 /* Release */ = {
			isa = XCBuildConfiguration;
			buildSettings = {
				ALWAYS_EMBED_SWIFT_STANDARD_LIBRARIES = YES;
				CODE_SIGN_STYLE = Automatic;
				CURRENT_PROJECT_VERSION = 1;
				DEVELOPMENT_TEAM = KFD27J2TGQ;
				GENERATE_INFOPLIST_FILE = YES;
				MARKETING_VERSION = 1.0;
				PRODUCT_BUNDLE_IDENTIFIER = com.rickysilitonga112.BlutifyUITests;
				PRODUCT_NAME = "$(TARGET_NAME)";
				SWIFT_EMIT_LOC_STRINGS = NO;
				SWIFT_VERSION = 5.0;
				TARGETED_DEVICE_FAMILY = "1,2";
				TEST_TARGET_NAME = Blutify;
			};
			name = Release;
		};
/* End XCBuildConfiguration section */

/* Begin XCConfigurationList section */
		56D3575C2CE78DAE00BB2149 /* Build configuration list for PBXProject "Blutify" */ = {
			isa = XCConfigurationList;
			buildConfigurations = (
				56D357892CE78DAF00BB2149 /* Debug */,
				56D3578A2CE78DAF00BB2149 /* Release */,
			);
			defaultConfigurationIsVisible = 0;
			defaultConfigurationName = Release;
		};
		56D3578B2CE78DAF00BB2149 /* Build configuration list for PBXNativeTarget "Blutify" */ = {
			isa = XCConfigurationList;
			buildConfigurations = (
				56D3578C2CE78DAF00BB2149 /* Debug */,
				56D3578D2CE78DAF00BB2149 /* Release */,
			);
			defaultConfigurationIsVisible = 0;
			defaultConfigurationName = Release;
		};
		56D3578E2CE78DAF00BB2149 /* Build configuration list for PBXNativeTarget "BlutifyTests" */ = {
			isa = XCConfigurationList;
			buildConfigurations = (
				56D3578F2CE78DAF00BB2149 /* Debug */,
				56D357902CE78DAF00BB2149 /* Release */,
			);
			defaultConfigurationIsVisible = 0;
			defaultConfigurationName = Release;
		};
		56D357912CE78DAF00BB2149 /* Build configuration list for PBXNativeTarget "BlutifyUITests" */ = {
			isa = XCConfigurationList;
			buildConfigurations = (
				56D357922CE78DAF00BB2149 /* Debug */,
				56D357932CE78DAF00BB2149 /* Release */,
			);
			defaultConfigurationIsVisible = 0;
			defaultConfigurationName = Release;
		};
/* End XCConfigurationList section */
	};
	rootObject = 56D357592CE78DAE00BB2149 /* Project object */;
}
